// !$*UTF8*$!
{
	archiveVersion = 1;
	classes = {
	};
	objectVersion = 50;
	objects = {

/* Begin PBXBuildFile section */
		C0B51F3425F877770061CE4D /* UIAuction.swift in Sources */ = {isa = PBXBuildFile; fileRef = C0B51F3325F877770061CE4D /* UIAuction.swift */; };
		C0B51F3B25FB10F30061CE4D /* Person.swift in Sources */ = {isa = PBXBuildFile; fileRef = C0B51F3A25FB10F30061CE4D /* Person.swift */; };
		C0B51F4825FBB8AF0061CE4D /* Auctioneer.swift in Sources */ = {isa = PBXBuildFile; fileRef = C0B51F4725FBB8AF0061CE4D /* Auctioneer.swift */; };
		C0B51F5225FEB3DB0061CE4D /* Bind.swift in Sources */ = {isa = PBXBuildFile; fileRef = C0B51F5125FEB3DB0061CE4D /* Bind.swift */; };
		C0B51F5625FEB50F0061CE4D /* AuctionViewModel.swift in Sources */ = {isa = PBXBuildFile; fileRef = C0B51F5525FEB50F0061CE4D /* AuctionViewModel.swift */; };
		C0B51F5A25FEB53B0061CE4D /* AuctioneerModel.swift in Sources */ = {isa = PBXBuildFile; fileRef = C0B51F5925FEB53B0061CE4D /* AuctioneerModel.swift */; };
		C0B51F5F25FEB5B30061CE4D /* PersonModel.swift in Sources */ = {isa = PBXBuildFile; fileRef = C0B51F5E25FEB5B30061CE4D /* PersonModel.swift */; };
		C0EE21E925F860A5008C1DA0 /* AppDelegate.swift in Sources */ = {isa = PBXBuildFile; fileRef = C0EE21E825F860A5008C1DA0 /* AppDelegate.swift */; };
		C0EE21EB25F860A5008C1DA0 /* SceneDelegate.swift in Sources */ = {isa = PBXBuildFile; fileRef = C0EE21EA25F860A5008C1DA0 /* SceneDelegate.swift */; };
		C0EE21ED25F860A5008C1DA0 /* ViewController.swift in Sources */ = {isa = PBXBuildFile; fileRef = C0EE21EC25F860A5008C1DA0 /* ViewController.swift */; };
		C0EE21F225F860AA008C1DA0 /* Assets.xcassets in Resources */ = {isa = PBXBuildFile; fileRef = C0EE21F125F860AA008C1DA0 /* Assets.xcassets */; };
		C0EE21F525F860AA008C1DA0 /* LaunchScreen.storyboard in Resources */ = {isa = PBXBuildFile; fileRef = C0EE21F325F860AA008C1DA0 /* LaunchScreen.storyboard */; };
/* End PBXBuildFile section */

/* Begin PBXFileReference section */
		C0B51F3325F877770061CE4D /* UIAuction.swift */ = {isa = PBXFileReference; lastKnownFileType = sourcecode.swift; path = UIAuction.swift; sourceTree = "<group>"; };
		C0B51F3A25FB10F30061CE4D /* Person.swift */ = {isa = PBXFileReference; lastKnownFileType = sourcecode.swift; path = Person.swift; sourceTree = "<group>"; };
		C0B51F4725FBB8AF0061CE4D /* Auctioneer.swift */ = {isa = PBXFileReference; lastKnownFileType = sourcecode.swift; path = Auctioneer.swift; sourceTree = "<group>"; };
		C0B51F5125FEB3DB0061CE4D /* Bind.swift */ = {isa = PBXFileReference; lastKnownFileType = sourcecode.swift; path = Bind.swift; sourceTree = "<group>"; };
		C0B51F5525FEB50F0061CE4D /* AuctionViewModel.swift */ = {isa = PBXFileReference; lastKnownFileType = sourcecode.swift; path = AuctionViewModel.swift; sourceTree = "<group>"; };
		C0B51F5925FEB53B0061CE4D /* AuctioneerModel.swift */ = {isa = PBXFileReference; lastKnownFileType = sourcecode.swift; path = AuctioneerModel.swift; sourceTree = "<group>"; };
		C0B51F5E25FEB5B30061CE4D /* PersonModel.swift */ = {isa = PBXFileReference; lastKnownFileType = sourcecode.swift; path = PersonModel.swift; sourceTree = "<group>"; };
		C0EE21E525F860A5008C1DA0 /* Auction.app */ = {isa = PBXFileReference; explicitFileType = wrapper.application; includeInIndex = 0; path = Auction.app; sourceTree = BUILT_PRODUCTS_DIR; };
		C0EE21E825F860A5008C1DA0 /* AppDelegate.swift */ = {isa = PBXFileReference; lastKnownFileType = sourcecode.swift; path = AppDelegate.swift; sourceTree = "<group>"; };
		C0EE21EA25F860A5008C1DA0 /* SceneDelegate.swift */ = {isa = PBXFileReference; lastKnownFileType = sourcecode.swift; path = SceneDelegate.swift; sourceTree = "<group>"; };
		C0EE21EC25F860A5008C1DA0 /* ViewController.swift */ = {isa = PBXFileReference; lastKnownFileType = sourcecode.swift; path = ViewController.swift; sourceTree = "<group>"; };
		C0EE21F125F860AA008C1DA0 /* Assets.xcassets */ = {isa = PBXFileReference; lastKnownFileType = folder.assetcatalog; path = Assets.xcassets; sourceTree = "<group>"; };
		C0EE21F425F860AA008C1DA0 /* Base */ = {isa = PBXFileReference; lastKnownFileType = file.storyboard; name = Base; path = Base.lproj/LaunchScreen.storyboard; sourceTree = "<group>"; };
		C0EE21F625F860AA008C1DA0 /* Info.plist */ = {isa = PBXFileReference; lastKnownFileType = text.plist.xml; path = Info.plist; sourceTree = "<group>"; };
/* End PBXFileReference section */

/* Begin PBXFrameworksBuildPhase section */
		C0EE21E225F860A5008C1DA0 /* Frameworks */ = {
			isa = PBXFrameworksBuildPhase;
			buildActionMask = 2147483647;
			files = (
			);
			runOnlyForDeploymentPostprocessing = 0;
		};
/* End PBXFrameworksBuildPhase section */

/* Begin PBXGroup section */
		C0B51F4C25FEB33C0061CE4D /* ViewControllers */ = {
			isa = PBXGroup;
			children = (
				C0EE21EC25F860A5008C1DA0 /* ViewController.swift */,
				C0B51F4D25FEB34F0061CE4D /* UI */,
			);
			path = ViewControllers;
			sourceTree = "<group>";
		};
		C0B51F4D25FEB34F0061CE4D /* UI */ = {
			isa = PBXGroup;
			children = (
				C0B51F3325F877770061CE4D /* UIAuction.swift */,
				C0B51F4E25FEB3630061CE4D /* Component */,
			);
			path = UI;
			sourceTree = "<group>";
		};
		C0B51F4E25FEB3630061CE4D /* Component */ = {
			isa = PBXGroup;
			children = (
				C0B51F4725FBB8AF0061CE4D /* Auctioneer.swift */,
				C0B51F3A25FB10F30061CE4D /* Person.swift */,
			);
			path = Component;
			sourceTree = "<group>";
		};
		C0B51F5025FEB3C50061CE4D /* Utils */ = {
			isa = PBXGroup;
			children = (
				C0B51F5125FEB3DB0061CE4D /* Bind.swift */,
			);
			path = Utils;
			sourceTree = "<group>";
		};
		C0B51F5425FEB4E70061CE4D /* ViewModel */ = {
			isa = PBXGroup;
			children = (
				C0B51F5525FEB50F0061CE4D /* AuctionViewModel.swift */,
			);
			path = ViewModel;
			sourceTree = "<group>";
		};
		C0B51F5825FEB52C0061CE4D /* Model */ = {
			isa = PBXGroup;
			children = (
				C0B51F5925FEB53B0061CE4D /* AuctioneerModel.swift */,
				C0B51F5E25FEB5B30061CE4D /* PersonModel.swift */,
			);
			path = Model;
			sourceTree = "<group>";
		};
		C0EE21DC25F860A5008C1DA0 = {
			isa = PBXGroup;
			children = (
				C0EE21E725F860A5008C1DA0 /* Auction */,
				C0EE21E625F860A5008C1DA0 /* Products */,
			);
			sourceTree = "<group>";
		};
		C0EE21E625F860A5008C1DA0 /* Products */ = {
			isa = PBXGroup;
			children = (
				C0EE21E525F860A5008C1DA0 /* Auction.app */,
			);
			name = Products;
			sourceTree = "<group>";
		};
		C0EE21E725F860A5008C1DA0 /* Auction */ = {
			isa = PBXGroup;
			children = (
				C0B51F5825FEB52C0061CE4D /* Model */,
				C0B51F5425FEB4E70061CE4D /* ViewModel */,
				C0B51F5025FEB3C50061CE4D /* Utils */,
				C0B51F4C25FEB33C0061CE4D /* ViewControllers */,
				C0EE21E825F860A5008C1DA0 /* AppDelegate.swift */,
				C0EE21EA25F860A5008C1DA0 /* SceneDelegate.swift */,
				C0EE21F125F860AA008C1DA0 /* Assets.xcassets */,
				C0EE21F325F860AA008C1DA0 /* LaunchScreen.storyboard */,
				C0EE21F625F860AA008C1DA0 /* Info.plist */,
			);
			path = Auction;
			sourceTree = "<group>";
		};
/* End PBXGroup section */

/* Begin PBXNativeTarget section */
		C0EE21E425F860A5008C1DA0 /* Auction */ = {
			isa = PBXNativeTarget;
			buildConfigurationList = C0EE21F925F860AA008C1DA0 /* Build configuration list for PBXNativeTarget "Auction" */;
			buildPhases = (
				C0EE21E125F860A5008C1DA0 /* Sources */,
				C0EE21E225F860A5008C1DA0 /* Frameworks */,
				C0EE21E325F860A5008C1DA0 /* Resources */,
			);
			buildRules = (
			);
			dependencies = (
			);
			name = Auction;
			productName = Auction;
			productReference = C0EE21E525F860A5008C1DA0 /* Auction.app */;
			productType = "com.apple.product-type.application";
		};
/* End PBXNativeTarget section */

/* Begin PBXProject section */
		C0EE21DD25F860A5008C1DA0 /* Project object */ = {
			isa = PBXProject;
			attributes = {
				LastSwiftUpdateCheck = 1240;
				LastUpgradeCheck = 1240;
				TargetAttributes = {
					C0EE21E425F860A5008C1DA0 = {
						CreatedOnToolsVersion = 12.4;
					};
				};
			};
			buildConfigurationList = C0EE21E025F860A5008C1DA0 /* Build configuration list for PBXProject "Auction" */;
			compatibilityVersion = "Xcode 9.3";
			developmentRegion = en;
			hasScannedForEncodings = 0;
			knownRegions = (
				en,
				Base,
			);
			mainGroup = C0EE21DC25F860A5008C1DA0;
			productRefGroup = C0EE21E625F860A5008C1DA0 /* Products */;
			projectDirPath = "";
			projectRoot = "";
			targets = (
				C0EE21E425F860A5008C1DA0 /* Auction */,
			);
		};
/* End PBXProject section */

/* Begin PBXResourcesBuildPhase section */
		C0EE21E325F860A5008C1DA0 /* Resources */ = {
			isa = PBXResourcesBuildPhase;
			buildActionMask = 2147483647;
			files = (
				C0EE21F525F860AA008C1DA0 /* LaunchScreen.storyboard in Resources */,
				C0EE21F225F860AA008C1DA0 /* Assets.xcassets in Resources */,
			);
			runOnlyForDeploymentPostprocessing = 0;
		};
/* End PBXResourcesBuildPhase section */

/* Begin PBXSourcesBuildPhase section */
		C0EE21E125F860A5008C1DA0 /* Sources */ = {
			isa = PBXSourcesBuildPhase;
			buildActionMask = 2147483647;
			files = (
				C0B51F5625FEB50F0061CE4D /* AuctionViewModel.swift in Sources */,
				C0B51F3B25FB10F30061CE4D /* Person.swift in Sources */,
				C0B51F5F25FEB5B30061CE4D /* PersonModel.swift in Sources */,
				C0B51F3425F877770061CE4D /* UIAuction.swift in Sources */,
				C0EE21ED25F860A5008C1DA0 /* ViewController.swift in Sources */,
				C0EE21E925F860A5008C1DA0 /* AppDelegate.swift in Sources */,
				C0B51F4825FBB8AF0061CE4D /* Auctioneer.swift in Sources */,
				C0B51F5225FEB3DB0061CE4D /* Bind.swift in Sources */,
				C0EE21EB25F860A5008C1DA0 /* SceneDelegate.swift in Sources */,
				C0B51F5A25FEB53B0061CE4D /* AuctioneerModel.swift in Sources */,
			);
			runOnlyForDeploymentPostprocessing = 0;
		};
/* End PBXSourcesBuildPhase section */

/* Begin PBXVariantGroup section */
		C0EE21F325F860AA008C1DA0 /* LaunchScreen.storyboard */ = {
			isa = PBXVariantGroup;
			children = (
				C0EE21F425F860AA008C1DA0 /* Base */,
			);
			name = LaunchScreen.storyboard;
			sourceTree = "<group>";
		};
/* End PBXVariantGroup section */

/* Begin XCBuildConfiguration section */
		C0EE21F725F860AA008C1DA0 /* Debug */ = {
			isa = XCBuildConfiguration;
			buildSettings = {
				ALWAYS_SEARCH_USER_PATHS = NO;
				CLANG_ANALYZER_NONNULL = YES;
				CLANG_ANALYZER_NUMBER_OBJECT_CONVERSION = YES_AGGRESSIVE;
				CLANG_CXX_LANGUAGE_STANDARD = "gnu++14";
				CLANG_CXX_LIBRARY = "libc++";
				CLANG_ENABLE_MODULES = YES;
				CLANG_ENABLE_OBJC_ARC = YES;
				CLANG_ENABLE_OBJC_WEAK = YES;
				CLANG_WARN_BLOCK_CAPTURE_AUTORELEASING = YES;
				CLANG_WARN_BOOL_CONVERSION = YES;
				CLANG_WARN_COMMA = YES;
				CLANG_WARN_CONSTANT_CONVERSION = YES;
				CLANG_WARN_DEPRECATED_OBJC_IMPLEMENTATIONS = YES;
				CLANG_WARN_DIRECT_OBJC_ISA_USAGE = YES_ERROR;
				CLANG_WARN_DOCUMENTATION_COMMENTS = YES;
				CLANG_WARN_EMPTY_BODY = YES;
				CLANG_WARN_ENUM_CONVERSION = YES;
				CLANG_WARN_INFINITE_RECURSION = YES;
				CLANG_WARN_INT_CONVERSION = YES;
				CLANG_WARN_NON_LITERAL_NULL_CONVERSION = YES;
				CLANG_WARN_OBJC_IMPLICIT_RETAIN_SELF = YES;
				CLANG_WARN_OBJC_LITERAL_CONVERSION = YES;
				CLANG_WARN_OBJC_ROOT_CLASS = YES_ERROR;
				CLANG_WARN_QUOTED_INCLUDE_IN_FRAMEWORK_HEADER = YES;
				CLANG_WARN_RANGE_LOOP_ANALYSIS = YES;
				CLANG_WARN_STRICT_PROTOTYPES = YES;
				CLANG_WARN_SUSPICIOUS_MOVE = YES;
				CLANG_WARN_UNGUARDED_AVAILABILITY = YES_AGGRESSIVE;
				CLANG_WARN_UNREACHABLE_CODE = YES;
				CLANG_WARN__DUPLICATE_METHOD_MATCH = YES;
				COPY_PHASE_STRIP = NO;
				DEBUG_INFORMATION_FORMAT = dwarf;
				ENABLE_STRICT_OBJC_MSGSEND = YES;
				ENABLE_TESTABILITY = YES;
				GCC_C_LANGUAGE_STANDARD = gnu11;
				GCC_DYNAMIC_NO_PIC = NO;
				GCC_NO_COMMON_BLOCKS = YES;
				GCC_OPTIMIZATION_LEVEL = 0;
				GCC_PREPROCESSOR_DEFINITIONS = (
					"DEBUG=1",
					"$(inherited)",
				);
				GCC_WARN_64_TO_32_BIT_CONVERSION = YES;
				GCC_WARN_ABOUT_RETURN_TYPE = YES_ERROR;
				GCC_WARN_UNDECLARED_SELECTOR = YES;
				GCC_WARN_UNINITIALIZED_AUTOS = YES_AGGRESSIVE;
				GCC_WARN_UNUSED_FUNCTION = YES;
				GCC_WARN_UNUSED_VARIABLE = YES;
				IPHONEOS_DEPLOYMENT_TARGET = 14.4;
				MTL_ENABLE_DEBUG_INFO = INCLUDE_SOURCE;
				MTL_FAST_MATH = YES;
				ONLY_ACTIVE_ARCH = YES;
				SDKROOT = iphoneos;
				SWIFT_ACTIVE_COMPILATION_CONDITIONS = DEBUG;
				SWIFT_OPTIMIZATION_LEVEL = "-Onone";
			};
			name = Debug;
		};
		C0EE21F825F860AA008C1DA0 /* Release */ = {
			isa = XCBuildConfiguration;
			buildSettings = {
				ALWAYS_SEARCH_USER_PATHS = NO;
				CLANG_ANALYZER_NONNULL = YES;
				CLANG_ANALYZER_NUMBER_OBJECT_CONVERSION = YES_AGGRESSIVE;
				CLANG_CXX_LANGUAGE_STANDARD = "gnu++14";
				CLANG_CXX_LIBRARY = "libc++";
				CLANG_ENABLE_MODULES = YES;
				CLANG_ENABLE_OBJC_ARC = YES;
				CLANG_ENABLE_OBJC_WEAK = YES;
				CLANG_WARN_BLOCK_CAPTURE_AUTORELEASING = YES;
				CLANG_WARN_BOOL_CONVERSION = YES;
				CLANG_WARN_COMMA = YES;
				CLANG_WARN_CONSTANT_CONVERSION = YES;
				CLANG_WARN_DEPRECATED_OBJC_IMPLEMENTATIONS = YES;
				CLANG_WARN_DIRECT_OBJC_ISA_USAGE = YES_ERROR;
				CLANG_WARN_DOCUMENTATION_COMMENTS = YES;
				CLANG_WARN_EMPTY_BODY = YES;
				CLANG_WARN_ENUM_CONVERSION = YES;
				CLANG_WARN_INFINITE_RECURSION = YES;
				CLANG_WARN_INT_CONVERSION = YES;
				CLANG_WARN_NON_LITERAL_NULL_CONVERSION = YES;
				CLANG_WARN_OBJC_IMPLICIT_RETAIN_SELF = YES;
				CLANG_WARN_OBJC_LITERAL_CONVERSION = YES;
				CLANG_WARN_OBJC_ROOT_CLASS = YES_ERROR;
				CLANG_WARN_QUOTED_INCLUDE_IN_FRAMEWORK_HEADER = YES;
				CLANG_WARN_RANGE_LOOP_ANALYSIS = YES;
				CLANG_WARN_STRICT_PROTOTYPES = YES;
				CLANG_WARN_SUSPICIOUS_MOVE = YES;
				CLANG_WARN_UNGUARDED_AVAILABILITY = YES_AGGRESSIVE;
				CLANG_WARN_UNREACHABLE_CODE = YES;
				CLANG_WARN__DUPLICATE_METHOD_MATCH = YES;
				COPY_PHASE_STRIP = NO;
				DEBUG_INFORMATION_FORMAT = "dwarf-with-dsym";
				ENABLE_NS_ASSERTIONS = NO;
				ENABLE_STRICT_OBJC_MSGSEND = YES;
				GCC_C_LANGUAGE_STANDARD = gnu11;
				GCC_NO_COMMON_BLOCKS = YES;
				GCC_WARN_64_TO_32_BIT_CONVERSION = YES;
				GCC_WARN_ABOUT_RETURN_TYPE = YES_ERROR;
				GCC_WARN_UNDECLARED_SELECTOR = YES;
				GCC_WARN_UNINITIALIZED_AUTOS = YES_AGGRESSIVE;
				GCC_WARN_UNUSED_FUNCTION = YES;
				GCC_WARN_UNUSED_VARIABLE = YES;
				IPHONEOS_DEPLOYMENT_TARGET = 14.4;
				MTL_ENABLE_DEBUG_INFO = NO;
				MTL_FAST_MATH = YES;
				SDKROOT = iphoneos;
				SWIFT_COMPILATION_MODE = wholemodule;
				SWIFT_OPTIMIZATION_LEVEL = "-O";
				VALIDATE_PRODUCT = YES;
			};
			name = Release;
		};
		C0EE21FA25F860AA008C1DA0 /* Debug */ = {
			isa = XCBuildConfiguration;
			buildSettings = {
				ASSETCATALOG_COMPILER_APPICON_NAME = AppIcon;
				ASSETCATALOG_COMPILER_GLOBAL_ACCENT_COLOR_NAME = AccentColor;
				CODE_SIGN_STYLE = Automatic;
				INFOPLIST_FILE = Auction/Info.plist;
				LD_RUNPATH_SEARCH_PATHS = (
					"$(inherited)",
					"@executable_path/Frameworks",
				);
				PRODUCT_BUNDLE_IDENTIFIER = com.gabriel.Auction;
				PRODUCT_NAME = "$(TARGET_NAME)";
				SWIFT_VERSION = 5.0;
				TARGETED_DEVICE_FAMILY = "1,2";
			};
			name = Debug;
		};
		C0EE21FB25F860AA008C1DA0 /* Release */ = {
			isa = XCBuildConfiguration;
			buildSettings = {
				ASSETCATALOG_COMPILER_APPICON_NAME = AppIcon;
				ASSETCATALOG_COMPILER_GLOBAL_ACCENT_COLOR_NAME = AccentColor;
				CODE_SIGN_STYLE = Automatic;
				INFOPLIST_FILE = Auction/Info.plist;
				LD_RUNPATH_SEARCH_PATHS = (
					"$(inherited)",
					"@executable_path/Frameworks",
				);
				PRODUCT_BUNDLE_IDENTIFIER = com.gabriel.Auction;
				PRODUCT_NAME = "$(TARGET_NAME)";
				SWIFT_VERSION = 5.0;
				TARGETED_DEVICE_FAMILY = "1,2";
			};
			name = Release;
		};
/* End XCBuildConfiguration section */

/* Begin XCConfigurationList section */
		C0EE21E025F860A5008C1DA0 /* Build configuration list for PBXProject "Auction" */ = {
			isa = XCConfigurationList;
			buildConfigurations = (
				C0EE21F725F860AA008C1DA0 /* Debug */,
				C0EE21F825F860AA008C1DA0 /* Release */,
			);
			defaultConfigurationIsVisible = 0;
			defaultConfigurationName = Release;
		};
		C0EE21F925F860AA008C1DA0 /* Build configuration list for PBXNativeTarget "Auction" */ = {
			isa = XCConfigurationList;
			buildConfigurations = (
				C0EE21FA25F860AA008C1DA0 /* Debug */,
				C0EE21FB25F860AA008C1DA0 /* Release */,
			);
			defaultConfigurationIsVisible = 0;
			defaultConfigurationName = Release;
		};
/* End XCConfigurationList section */
	};
	rootObject = C0EE21DD25F860A5008C1DA0 /* Project object */;
}
